{
    "_meta": {
        "hash": {
            "sha256": "e5b53528b9b90ffb0faee4f6f79373568925bade621c600f533d02d3f5f24b63"
        },
        "pipfile-spec": 6,
        "requires": {
            "python_version": "3.7"
        },
        "sources": [
            {
                "name": "pypi",
                "url": "https://pypi.org/simple",
                "verify_ssl": true
            }
        ]
    },
    "default": {
        "click": {
            "hashes": [
                "sha256:2335065e6395b9e67ca716de5f7526736bfa6ceead690adf616d925bdc622b13",
                "sha256:5b94b49521f6456670fdb30cd82a4eca9412788a93fa6dd6df72c94d5a8ff2d7"
            ],
            "index": "pypi",
            "version": "==7.0"
        },
        "jinja2": {
            "hashes": [
                "sha256:065c4f02ebe7f7cf559e49ee5a95fb800a9e4528727aec6f24402a5374c65013",
                "sha256:14dd6caf1527abb21f08f86c784eac40853ba93edb79552aa1e4b8aef1b61c7b"
            ],
            "index": "pypi",
            "version": "==2.10.1"
        },
        "markupsafe": {
            "hashes": [
                "sha256:00bc623926325b26bb9605ae9eae8a215691f33cae5df11ca5424f06f2d1f473",
                "sha256:09027a7803a62ca78792ad89403b1b7a73a01c8cb65909cd876f7fcebd79b161",
                "sha256:09c4b7f37d6c648cb13f9230d847adf22f8171b1ccc4d5682398e77f40309235",
                "sha256:1027c282dad077d0bae18be6794e6b6b8c91d58ed8a8d89a89d59693b9131db5",
                "sha256:24982cc2533820871eba85ba648cd53d8623687ff11cbb805be4ff7b4c971aff",
                "sha256:29872e92839765e546828bb7754a68c418d927cd064fd4708fab9fe9c8bb116b",
                "sha256:43a55c2930bbc139570ac2452adf3d70cdbb3cfe5912c71cdce1c2c6bbd9c5d1",
                "sha256:46c99d2de99945ec5cb54f23c8cd5689f6d7177305ebff350a58ce5f8de1669e",
                "sha256:500d4957e52ddc3351cabf489e79c91c17f6e0899158447047588650b5e69183",
                "sha256:535f6fc4d397c1563d08b88e485c3496cf5784e927af890fb3c3aac7f933ec66",
                "sha256:62fe6c95e3ec8a7fad637b7f3d372c15ec1caa01ab47926cfdf7a75b40e0eac1",
                "sha256:6dd73240d2af64df90aa7c4e7481e23825ea70af4b4922f8ede5b9e35f78a3b1",
                "sha256:717ba8fe3ae9cc0006d7c451f0bb265ee07739daf76355d06366154ee68d221e",
                "sha256:79855e1c5b8da654cf486b830bd42c06e8780cea587384cf6545b7d9ac013a0b",
                "sha256:7c1699dfe0cf8ff607dbdcc1e9b9af1755371f92a68f706051cc8c37d447c905",
                "sha256:88e5fcfb52ee7b911e8bb6d6aa2fd21fbecc674eadd44118a9cc3863f938e735",
                "sha256:8defac2f2ccd6805ebf65f5eeb132adcf2ab57aa11fdf4c0dd5169a004710e7d",
                "sha256:98c7086708b163d425c67c7a91bad6e466bb99d797aa64f965e9d25c12111a5e",
                "sha256:9add70b36c5666a2ed02b43b335fe19002ee5235efd4b8a89bfcf9005bebac0d",
                "sha256:9bf40443012702a1d2070043cb6291650a0841ece432556f784f004937f0f32c",
                "sha256:ade5e387d2ad0d7ebf59146cc00c8044acbd863725f887353a10df825fc8ae21",
                "sha256:b00c1de48212e4cc9603895652c5c410df699856a2853135b3967591e4beebc2",
                "sha256:b1282f8c00509d99fef04d8ba936b156d419be841854fe901d8ae224c59f0be5",
                "sha256:b2051432115498d3562c084a49bba65d97cf251f5a331c64a12ee7e04dacc51b",
                "sha256:ba59edeaa2fc6114428f1637ffff42da1e311e29382d81b339c1817d37ec93c6",
                "sha256:c8716a48d94b06bb3b2524c2b77e055fb313aeb4ea620c8dd03a105574ba704f",
                "sha256:cd5df75523866410809ca100dc9681e301e3c27567cf498077e8551b6d20e42f",
                "sha256:e249096428b3ae81b08327a63a485ad0878de3fb939049038579ac0ef61e17e7"
            ],
            "version": "==1.1.1"
        },
        "ruamel-yaml": {
            "hashes": [
                "sha256:09ed5b07bfd09592dd265dc0f645b3e96e6c69de59ac1cd5b6dbcb8a243a28ee",
                "sha256:10c194ef72f7419dd2fde7b35746c1e4bdaf80911e07c33eff3aedc1a89d574a",
                "sha256:10e49c1b9ba35a9682fb3afffe52c2a1383e442bf05938dd87d30db252ce2e0b",
                "sha256:1ca24a5ce2d2e61e6c504cbbbb24ece78127c79af87e8fe3175bb58c048f986d",
                "sha256:272ade6dd5c27fdf2b917a497ee2bad1b11f41ad6f3f646a16a21b3ad78c2626",
                "sha256:4be750a41289528e446d075b048e8cd06ea6a6779c2ef77f7b87ad3c567117d7",
                "sha256:4d5c331e8a0e4423535e9dfecc6ea8f0ec4360b524b103f46432021cb9698d2e",
                "sha256:69af34d4034659774e45d9f077e6f930d2c41c38ac721d5e7cb88b7629be446d",
                "sha256:70229ffbd67a5171fc6aef24c32caa65042834bf6e8d0b3116d4046920a20be9",
                "sha256:70a88e6ae131789e2fbe3816450a10c057b21ae93c875f717435fe2cea5fdcf3",
                "sha256:89609fd5696cc82265877cdde3505242ebd2b262fb87a86e46d370fad5ff4111",
                "sha256:92ff5ed79f5a98e3a57c741d238afa2846f2cae87d6385eebb93d0dcd6caf5b4",
                "sha256:9f1323e7f6d25c8fba5fee5809a22f31805976978c7316a7d08ecdda0c22d6f0",
                "sha256:af76d3350062124d8488b31c8dff9664a6a4934a71efb8af35d5c346632a765c",
                "sha256:bf6931ac24676189ce061485a42e4ad36d158672dfde2bf7ba953b0edc8ee40b",
                "sha256:dc4237c27602ceb8ff060e0172da2f6a7e759008dba592f58b8fae0003cf0a57",
                "sha256:dfa4948d1a2ea577e53f05e9de7396db7cddba286f2827e7177d249fc7303681",
                "sha256:e287e894dde92fc8555ad767e240d3e604a9e25afc02eeee35e21f0d25e152b8",
                "sha256:e56b6f687a5361bcdab3dbc776cbdeff623a976760afeadc725129e53cf13092",
                "sha256:ecaf924ab269c8ea4006792710d93ff5d900f99a81fb74a8040b0eeff3571baf",
                "sha256:f624dd645ed2f342015a8b9149691feaac532f26b77fd206df2d724ebf82bd14"
            ],
            "index": "pypi",
            "version": "==0.15.92"
        }
    },
    "develop": {}
}
